
Microsoft Visual Studio Solution File, Format Version 12.00
# Visual Studio Version 17
VisualStudioVersion = 17.5.33530.505
MinimumVisualStudioVersion = 10.0.40219.1
Project("{8BC9CEB8-8B4A-11D0-8D11-00A0C91BC942}") = "CG3", "CG3.vcxproj", "{00D7CACF-90D2-40E9-BC2D-11AD91936341}"
EndProject
Project("{2150E333-8FDC-42A3-9474-1A3956D46DE8}") = "ソリューション項目", "ソリューション項目", "{E4E8AED4-BEAD-4832-851F-CB7AA1B17412}"
	ProjectSection(SolutionItems) = preProject
		.editorconfig = .editorconfig
	EndProjectSection
EndProject
Global
	GlobalSection(SolutionConfigurationPlatforms) = preSolution
		Debug|x64 = Debug|x64
		Release|x64 = Release|x64
	EndGlobalSection
	GlobalSection(ProjectConfigurationPlatforms) = postSolution
		{00D7CACF-90D2-40E9-BC2D-11AD91936341}.Debug|x64.ActiveCfg = Debug|x64
		{00D7CACF-90D2-40E9-BC2D-11AD91936341}.Debug|x64.Build.0 = Debug|x64
		{00D7CACF-90D2-40E9-BC2D-11AD91936341}.Release|x64.ActiveCfg = Release|x64
		{00D7CACF-90D2-40E9-BC2D-11AD91936341}.Release|x64.Build.0 = Release|x64
	EndGlobalSection
	GlobalSection(SolutionProperties) = preSolution
		HideSolutionNode = FALSE
	EndGlobalSection
	GlobalSection(ExtensibilityGlobals) = postSolution
		SolutionGuid = {D4D68E18-BEF8-4CF0-91B2-F5BC9E65D610}
	EndGlobalSection
EndGlobal
